
Microsoft Visual Studio Solution File, Format Version 12.00
# Visual Studio Version 16
VisualStudioVersion = 16.0.32228.343
MinimumVisualStudioVersion = 10.0.40219.1
Project("{FAE04EC0-301F-11D3-BF4B-00C04F79EFBC}") = "OhBoi", "OhBoi\OhBoi.csproj", "{BA3AA4F0-93B7-4454-887C-9EFA49237AC3}"
EndProject
Global
	GlobalSection(SolutionConfigurationPlatforms) = preSolution
		Debug|Any CPU = Debug|Any CPU
		Release|Any CPU = Release|Any CPU
	EndGlobalSection
	GlobalSection(ProjectConfigurationPlatforms) = postSolution
		{BA3AA4F0-93B7-4454-887C-9EFA49237AC3}.Debug|Any CPU.ActiveCfg = Debug|Any CPU
		{BA3AA4F0-93B7-4454-887C-9EFA49237AC3}.Debug|Any CPU.Build.0 = Debug|Any CPU
		{BA3AA4F0-93B7-4454-887C-9EFA49237AC3}.Release|Any CPU.ActiveCfg = Release|Any CPU
		{BA3AA4F0-93B7-4454-887C-9EFA49237AC3}.Release|Any CPU.Build.0 = Release|Any CPU
	EndGlobalSection
	GlobalSection(SolutionProperties) = preSolution
		HideSolutionNode = FALSE
	EndGlobalSection
	GlobalSection(ExtensibilityGlobals) = postSolution
		SolutionGuid = {BE975608-F831-4595-8641-5AA03D84AB92}
	EndGlobalSection
EndGlobal
